
Microsoft Visual Studio Solution File, Format Version 12.00
# Visual Studio Version 16
VisualStudioVersion = 16.0.34114.132
MinimumVisualStudioVersion = 10.0.40219.1
Project("{FAE04EC0-301F-11D3-BF4B-00C04F79EFBC}") = "ChatBot", "ChatBot\ChatBot.csproj", "{DA0058B6-A378-43AB-BE36-BB5B01E535F6}"
EndProject
Global
	GlobalSection(SolutionConfigurationPlatforms) = preSolution
		Debug|Any CPU = Debug|Any CPU
		Release|Any CPU = Release|Any CPU
	EndGlobalSection
	GlobalSection(ProjectConfigurationPlatforms) = postSolution
		{DA0058B6-A378-43AB-BE36-BB5B01E535F6}.Debug|Any CPU.ActiveCfg = Debug|Any CPU
		{DA0058B6-A378-43AB-BE36-BB5B01E535F6}.Debug|Any CPU.Build.0 = Debug|Any CPU
		{DA0058B6-A378-43AB-BE36-BB5B01E535F6}.Release|Any CPU.ActiveCfg = Release|Any CPU
		{DA0058B6-A378-43AB-BE36-BB5B01E535F6}.Release|Any CPU.Build.0 = Release|Any CPU
	EndGlobalSection
	GlobalSection(SolutionProperties) = preSolution
		HideSolutionNode = FALSE
	EndGlobalSection
	GlobalSection(ExtensibilityGlobals) = postSolution
		SolutionGuid = {2983BDAF-12A7-43C7-842D-39D59A250F82}
	EndGlobalSection
EndGlobal
